
Microsoft Visual Studio Solution File, Format Version 12.00
# Visual Studio Version 16
VisualStudioVersion = 16.0.29613.14
MinimumVisualStudioVersion = 10.0.40219.1
Project("{FAE04EC0-301F-11D3-BF4B-00C04F79EFBC}") = "CodingChallenge", "CodingChallenge\CodingChallenge.csproj", "{19870142-16DF-4794-B902-160375294876}"
EndProject
Global
	GlobalSection(SolutionConfigurationPlatforms) = preSolution
		Debug|Any CPU = Debug|Any CPU
		Release|Any CPU = Release|Any CPU
	EndGlobalSection
	GlobalSection(ProjectConfigurationPlatforms) = postSolution
		{19870142-16DF-4794-B902-160375294876}.Debug|Any CPU.ActiveCfg = Debug|Any CPU
		{19870142-16DF-4794-B902-160375294876}.Debug|Any CPU.Build.0 = Debug|Any CPU
		{19870142-16DF-4794-B902-160375294876}.Release|Any CPU.ActiveCfg = Release|Any CPU
		{19870142-16DF-4794-B902-160375294876}.Release|Any CPU.Build.0 = Release|Any CPU
	EndGlobalSection
	GlobalSection(SolutionProperties) = preSolution
		HideSolutionNode = FALSE
	EndGlobalSection
	GlobalSection(ExtensibilityGlobals) = postSolution
		SolutionGuid = {09997361-A6B1-412B-B640-331D8AC52B78}
	EndGlobalSection
EndGlobal
